// !$*UTF8*$!
{
	archiveVersion = 1;
	classes = {
	};
	objectVersion = 46;
	objects = {

/* Begin PBXBuildFile section */
		6F8B438C1D90F3000035C290 /* RNEmulatorCheck.h in CopyFiles */ = {isa = PBXBuildFile; fileRef = 6F8B438B1D90F3000035C290 /* RNEmulatorCheck.h */; };
		6F8B438E1D90F3000035C290 /* RNEmulatorCheck.m in Sources */ = {isa = PBXBuildFile; fileRef = 6F8B438D1D90F3000035C290 /* RNEmulatorCheck.m */; };
/* End PBXBuildFile section */

/* Begin PBXCopyFilesBuildPhase section */
		6F8B43861D90F3000035C290 /* CopyFiles */ = {
			isa = PBXCopyFilesBuildPhase;
			buildActionMask = 2147483647;
			dstPath = "include/$(PRODUCT_NAME)";
			dstSubfolderSpec = 16;
			files = (
				6F8B438C1D90F3000035C290 /* RNEmulatorCheck.h in CopyFiles */,
			);
			runOnlyForDeploymentPostprocessing = 0;
		};
/* End PBXCopyFilesBuildPhase section */

/* Begin PBXFileReference section */
		6F8B43881D90F3000035C290 /* libRNEmulatorCheck.a */ = {isa = PBXFileReference; explicitFileType = archive.ar; includeInIndex = 0; path = libRNEmulatorCheck.a; sourceTree = BUILT_PRODUCTS_DIR; };
		6F8B438B1D90F3000035C290 /* RNEmulatorCheck.h */ = {isa = PBXFileReference; lastKnownFileType = sourcecode.c.h; path = RNEmulatorCheck.h; sourceTree = "<group>"; };
		6F8B438D1D90F3000035C290 /* RNEmulatorCheck.m */ = {isa = PBXFileReference; lastKnownFileType = sourcecode.c.objc; path = RNEmulatorCheck.m; sourceTree = "<group>"; };
/* End PBXFileReference section */

/* Begin PBXFrameworksBuildPhase section */
		6F8B43851D90F3000035C290 /* Frameworks */ = {
			isa = PBXFrameworksBuildPhase;
			buildActionMask = 2147483647;
			files = (
			);
			runOnlyForDeploymentPostprocessing = 0;
		};
/* End PBXFrameworksBuildPhase section */

/* Begin PBXGroup section */
		6F8B437F1D90F3000035C290 = {
			isa = PBXGroup;
			children = (
				6F8B438A1D90F3000035C290 /* RNEmulatorCheck */,
				6F8B43891D90F3000035C290 /* Products */,
			);
			sourceTree = "<group>";
		};
		6F8B43891D90F3000035C290 /* Products */ = {
			isa = PBXGroup;
			children = (
				6F8B43881D90F3000035C290 /* libRNEmulatorCheck.a */,
			);
			name = Products;
			sourceTree = "<group>";
		};
		6F8B438A1D90F3000035C290 /* RNEmulatorCheck */ = {
			isa = PBXGroup;
			children = (
				6F8B438B1D90F3000035C290 /* RNEmulatorCheck.h */,
				6F8B438D1D90F3000035C290 /* RNEmulatorCheck.m */,
			);
			path = RNEmulatorCheck;
			sourceTree = "<group>";
		};
/* End PBXGroup section */

/* Begin PBXNativeTarget section */
		6F8B43871D90F3000035C290 /* RNEmulatorCheck */ = {
			isa = PBXNativeTarget;
			buildConfigurationList = 6F8B43911D90F3000035C290 /* Build configuration list for PBXNativeTarget "RNEmulatorCheck" */;
			buildPhases = (
				6F8B43841D90F3000035C290 /* Sources */,
				6F8B43851D90F3000035C290 /* Frameworks */,
				6F8B43861D90F3000035C290 /* CopyFiles */,
			);
			buildRules = (
			);
			dependencies = (
			);
			name = RNEmulatorCheck;
			productName = RNEmulatorCheck;
			productReference = 6F8B43881D90F3000035C290 /* libRNEmulatorCheck.a */;
			productType = "com.apple.product-type.library.static";
		};
/* End PBXNativeTarget section */

/* Begin PBXProject section */
		6F8B43801D90F3000035C290 /* Project object */ = {
			isa = PBXProject;
			attributes = {
				LastUpgradeCheck = 0730;
				ORGANIZATIONNAME = lcj;
				TargetAttributes = {
					6F8B43871D90F3000035C290 = {
						CreatedOnToolsVersion = 7.3;
					};
				};
			};
			buildConfigurationList = 6F8B43831D90F3000035C290 /* Build configuration list for PBXProject "RNEmulatorCheck" */;
			compatibilityVersion = "Xcode 3.2";
			developmentRegion = English;
			hasScannedForEncodings = 0;
			knownRegions = (
				en,
			);
			mainGroup = 6F8B437F1D90F3000035C290;
			productRefGroup = 6F8B43891D90F3000035C290 /* Products */;
			projectDirPath = "";
			projectRoot = "";
			targets = (
				6F8B43871D90F3000035C290 /* RNEmulatorCheck */,
			);
		};
/* End PBXProject section */

/* Begin PBXSourcesBuildPhase section */
		6F8B43841D90F3000035C290 /* Sources */ = {
			isa = PBXSourcesBuildPhase;
			buildActionMask = 2147483647;
			files = (
				6F8B438E1D90F3000035C290 /* RNEmulatorCheck.m in Sources */,
			);
			runOnlyForDeploymentPostprocessing = 0;
		};
/* End PBXSourcesBuildPhase section */

/* Begin XCBuildConfiguration section */
		6F8B438F1D90F3000035C290 /* Debug */ = {
			isa = XCBuildConfiguration;
			buildSettings = {
				ALWAYS_SEARCH_USER_PATHS = NO;
				CLANG_ANALYZER_NONNULL = YES;
				CLANG_CXX_LANGUAGE_STANDARD = "gnu++0x";
				CLANG_CXX_LIBRARY = "libc++";
				CLANG_ENABLE_MODULES = YES;
				CLANG_ENABLE_OBJC_ARC = YES;
				CLANG_WARN_BOOL_CONVERSION = YES;
				CLANG_WARN_CONSTANT_CONVERSION = YES;
				CLANG_WARN_DIRECT_OBJC_ISA_USAGE = YES_ERROR;
				CLANG_WARN_EMPTY_BODY = YES;
				CLANG_WARN_ENUM_CONVERSION = YES;
				CLANG_WARN_INT_CONVERSION = YES;
				CLANG_WARN_OBJC_ROOT_CLASS = YES_ERROR;
				CLANG_WARN_UNREACHABLE_CODE = YES;
				CLANG_WARN__DUPLICATE_METHOD_MATCH = YES;
				"CODE_SIGN_IDENTITY[sdk=iphoneos*]" = "iPhone Developer";
				COPY_PHASE_STRIP = NO;
				DEBUG_INFORMATION_FORMAT = dwarf;
				ENABLE_STRICT_OBJC_MSGSEND = YES;
				ENABLE_TESTABILITY = YES;
				GCC_C_LANGUAGE_STANDARD = gnu99;
				GCC_DYNAMIC_NO_PIC = NO;
				GCC_NO_COMMON_BLOCKS = YES;
				GCC_OPTIMIZATION_LEVEL = 0;
				GCC_PREPROCESSOR_DEFINITIONS = (
					"DEBUG=1",
					"$(inherited)",
				);
				GCC_WARN_64_TO_32_BIT_CONVERSION = YES;
				GCC_WARN_ABOUT_RETURN_TYPE = YES_ERROR;
				GCC_WARN_UNDECLARED_SELECTOR = YES;
				GCC_WARN_UNINITIALIZED_AUTOS = YES_AGGRESSIVE;
				GCC_WARN_UNUSED_FUNCTION = YES;
				GCC_WARN_UNUSED_VARIABLE = YES;
				IPHONEOS_DEPLOYMENT_TARGET = 9.3;
				MTL_ENABLE_DEBUG_INFO = YES;
				ONLY_ACTIVE_ARCH = YES;
				SDKROOT = iphoneos;
			};
			name = Debug;
		};
		6F8B43901D90F3000035C290 /* Release */ = {
			isa = XCBuildConfiguration;
			buildSettings = {
				ALWAYS_SEARCH_USER_PATHS = NO;
				CLANG_ANALYZER_NONNULL = YES;
				CLANG_CXX_LANGUAGE_STANDARD = "gnu++0x";
				CLANG_CXX_LIBRARY = "libc++";
				CLANG_ENABLE_MODULES = YES;
				CLANG_ENABLE_OBJC_ARC = YES;
				CLANG_WARN_BOOL_CONVERSION = YES;
				CLANG_WARN_CONSTANT_CONVERSION = YES;
				CLANG_WARN_DIRECT_OBJC_ISA_USAGE = YES_ERROR;
				CLANG_WARN_EMPTY_BODY = YES;
				CLANG_WARN_ENUM_CONVERSION = YES;
				CLANG_WARN_INT_CONVERSION = YES;
				CLANG_WARN_OBJC_ROOT_CLASS = YES_ERROR;
				CLANG_WARN_UNREACHABLE_CODE = YES;
				CLANG_WARN__DUPLICATE_METHOD_MATCH = YES;
				"CODE_SIGN_IDENTITY[sdk=iphoneos*]" = "iPhone Developer";
				COPY_PHASE_STRIP = NO;
				DEBUG_INFORMATION_FORMAT = "dwarf-with-dsym";
				ENABLE_NS_ASSERTIONS = NO;
				ENABLE_STRICT_OBJC_MSGSEND = YES;
				GCC_C_LANGUAGE_STANDARD = gnu99;
				GCC_NO_COMMON_BLOCKS = YES;
				GCC_WARN_64_TO_32_BIT_CONVERSION = YES;
				GCC_WARN_ABOUT_RETURN_TYPE = YES_ERROR;
				GCC_WARN_UNDECLARED_SELECTOR = YES;
				GCC_WARN_UNINITIALIZED_AUTOS = YES_AGGRESSIVE;
				GCC_WARN_UNUSED_FUNCTION = YES;
				GCC_WARN_UNUSED_VARIABLE = YES;
				IPHONEOS_DEPLOYMENT_TARGET = 9.3;
				MTL_ENABLE_DEBUG_INFO = NO;
				SDKROOT = iphoneos;
				VALIDATE_PRODUCT = YES;
			};
			name = Release;
		};
		6F8B43921D90F3000035C290 /* Debug */ = {
			isa = XCBuildConfiguration;
			buildSettings = {
				HEADER_SEARCH_PATHS = (
					"$(SRCROOT)/../../React/**",
					"$(inherited)",
					"$(SRCROOT)/../react-native/React/**",
					"$(SRCROOT)/../../../node_modules/react-native/React/**",
					"$(SRCROOT)/node_modules/react-native/React/**",
				);
				OTHER_LDFLAGS = "-ObjC";
				PRODUCT_NAME = "$(TARGET_NAME)";
				SKIP_INSTALL = YES;
			};
			name = Debug;
		};
		6F8B43931D90F3000035C290 /* Release */ = {
			isa = XCBuildConfiguration;
			buildSettings = {
				HEADER_SEARCH_PATHS = (
					"$(SRCROOT)/../../React/**",
					"$(inherited)",
					"$(SRCROOT)/../react-native/React/**",
					"$(SRCROOT)/../../../node_modules/react-native/React/**",
					"$(SRCROOT)/node_modules/react-native/React/**",
				);
				OTHER_LDFLAGS = "-ObjC";
				PRODUCT_NAME = "$(TARGET_NAME)";
				SKIP_INSTALL = YES;
			};
			name = Release;
		};
/* End XCBuildConfiguration section */

/* Begin XCConfigurationList section */
		6F8B43831D90F3000035C290 /* Build configuration list for PBXProject "RNEmulatorCheck" */ = {
			isa = XCConfigurationList;
			buildConfigurations = (
				6F8B438F1D90F3000035C290 /* Debug */,
				6F8B43901D90F3000035C290 /* Release */,
			);
			defaultConfigurationIsVisible = 0;
			defaultConfigurationName = Release;
		};
		6F8B43911D90F3000035C290 /* Build configuration list for PBXNativeTarget "RNEmulatorCheck" */ = {
			isa = XCConfigurationList;
			buildConfigurations = (
				6F8B43921D90F3000035C290 /* Debug */,
				6F8B43931D90F3000035C290 /* Release */,
			);
			defaultConfigurationIsVisible = 0;
		};
/* End XCConfigurationList section */
	};
	rootObject = 6F8B43801D90F3000035C290 /* Project object */;
}
